{
  "name": "runtime",
  "lockfileVersion": 3,
  "requires": true,
  "packages": {
    "": {
      "dependencies": {
        "@hastom/fixed-point": "^4.3.0"
      }
    },
    "node_modules/@hastom/fixed-point": {
      "version": "4.3.0",
      "resolved": "https://registry.npmjs.org/@hastom/fixed-point/-/fixed-point-4.3.0.tgz",
      "integrity": "sha512-unoCxOl1yj6+Nv4Eo+KePtaevQLV8+gwBxaQLrHUbbH8uONa2wT5YdllqDKsxS6OSI3SdSpkRovWzsiT8iNdeA==",
      "license": "MIT"
    }
  }
}
